
Microsoft Visual Studio Solution File, Format Version 12.00
# Visual Studio 2013
VisualStudioVersion = 12.0.31101.0
MinimumVisualStudioVersion = 10.0.40219.1
Project("{FAE04EC0-301F-11D3-BF4B-00C04F79EFBC}") = "FixALeak.Web", "FixALeak.Web\FixALeak.Web.csproj", "{9447D218-5DAB-4CFE-BCC7-2C8FA384A42B}"
EndProject
Project("{FAE04EC0-301F-11D3-BF4B-00C04F79EFBC}") = "FixALeak.API", "FixALeak.API\FixALeak.API.csproj", "{BD9B3AA2-D31D-4E0C-9904-3ED92A3DADBF}"
EndProject
Project("{FAE04EC0-301F-11D3-BF4B-00C04F79EFBC}") = "FixALeak.ConsoleRunner", "FixALeak.ConsoleRunner\FixALeak.ConsoleRunner.csproj", "{04D62E77-3D54-4EEE-9723-8AA3A8304CEA}"
EndProject
Project("{FAE04EC0-301F-11D3-BF4B-00C04F79EFBC}") = "FixALeak.Service", "FixALeak.Service\FixALeak.Service.csproj", "{0FC5CFD6-171F-45D3-AB45-E3586B45E125}"
EndProject
Project("{FAE04EC0-301F-11D3-BF4B-00C04F79EFBC}") = "FixALeak.Data", "FixALeak.Data\FixALeak.Data.csproj", "{D462F7E6-9DBF-47EB-AFDF-C6B4B3305C5F}"
EndProject
Project("{FAE04EC0-301F-11D3-BF4B-00C04F79EFBC}") = "FixALeak.JsonApiSerializer", "FixALeak.JsonApiSerializer\FixALeak.JsonApiSerializer.csproj", "{E6AEE942-AB0B-43FF-9D8C-A0ADDC6A4E06}"
EndProject
Project("{FAE04EC0-301F-11D3-BF4B-00C04F79EFBC}") = "FixALeak.JsonApiSerializer.Tests", "FixALeak.JsonApiSerializer.Tests\FixALeak.JsonApiSerializer.Tests.csproj", "{8BB7BD3C-73BD-407A-B00C-51453C4E28F1}"
EndProject
Project("{FAE04EC0-301F-11D3-BF4B-00C04F79EFBC}") = "FixALeak.Data.IntegrationTests", "FixALeak.Data.IntegrationTests\FixALeak.Data.IntegrationTests.csproj", "{A8BE90AD-0ADC-4B9C-917E-979C4955EF21}"
EndProject
Global
	GlobalSection(SolutionConfigurationPlatforms) = preSolution
		Debug|Any CPU = Debug|Any CPU
		Release|Any CPU = Release|Any CPU
	EndGlobalSection
	GlobalSection(ProjectConfigurationPlatforms) = postSolution
		{9447D218-5DAB-4CFE-BCC7-2C8FA384A42B}.Debug|Any CPU.ActiveCfg = Debug|Any CPU
		{9447D218-5DAB-4CFE-BCC7-2C8FA384A42B}.Debug|Any CPU.Build.0 = Debug|Any CPU
		{9447D218-5DAB-4CFE-BCC7-2C8FA384A42B}.Release|Any CPU.ActiveCfg = Release|Any CPU
		{9447D218-5DAB-4CFE-BCC7-2C8FA384A42B}.Release|Any CPU.Build.0 = Release|Any CPU
		{BD9B3AA2-D31D-4E0C-9904-3ED92A3DADBF}.Debug|Any CPU.ActiveCfg = Debug|Any CPU
		{BD9B3AA2-D31D-4E0C-9904-3ED92A3DADBF}.Debug|Any CPU.Build.0 = Debug|Any CPU
		{BD9B3AA2-D31D-4E0C-9904-3ED92A3DADBF}.Release|Any CPU.ActiveCfg = Release|Any CPU
		{BD9B3AA2-D31D-4E0C-9904-3ED92A3DADBF}.Release|Any CPU.Build.0 = Release|Any CPU
		{04D62E77-3D54-4EEE-9723-8AA3A8304CEA}.Debug|Any CPU.ActiveCfg = Debug|Any CPU
		{04D62E77-3D54-4EEE-9723-8AA3A8304CEA}.Debug|Any CPU.Build.0 = Debug|Any CPU
		{04D62E77-3D54-4EEE-9723-8AA3A8304CEA}.Release|Any CPU.ActiveCfg = Release|Any CPU
		{04D62E77-3D54-4EEE-9723-8AA3A8304CEA}.Release|Any CPU.Build.0 = Release|Any CPU
		{0FC5CFD6-171F-45D3-AB45-E3586B45E125}.Debug|Any CPU.ActiveCfg = Debug|Any CPU
		{0FC5CFD6-171F-45D3-AB45-E3586B45E125}.Debug|Any CPU.Build.0 = Debug|Any CPU
		{0FC5CFD6-171F-45D3-AB45-E3586B45E125}.Release|Any CPU.ActiveCfg = Release|Any CPU
		{0FC5CFD6-171F-45D3-AB45-E3586B45E125}.Release|Any CPU.Build.0 = Release|Any CPU
		{D462F7E6-9DBF-47EB-AFDF-C6B4B3305C5F}.Debug|Any CPU.ActiveCfg = Debug|Any CPU
		{D462F7E6-9DBF-47EB-AFDF-C6B4B3305C5F}.Debug|Any CPU.Build.0 = Debug|Any CPU
		{D462F7E6-9DBF-47EB-AFDF-C6B4B3305C5F}.Release|Any CPU.ActiveCfg = Release|Any CPU
		{D462F7E6-9DBF-47EB-AFDF-C6B4B3305C5F}.Release|Any CPU.Build.0 = Release|Any CPU
		{E6AEE942-AB0B-43FF-9D8C-A0ADDC6A4E06}.Debug|Any CPU.ActiveCfg = Debug|Any CPU
		{E6AEE942-AB0B-43FF-9D8C-A0ADDC6A4E06}.Debug|Any CPU.Build.0 = Debug|Any CPU
		{E6AEE942-AB0B-43FF-9D8C-A0ADDC6A4E06}.Release|Any CPU.ActiveCfg = Release|Any CPU
		{E6AEE942-AB0B-43FF-9D8C-A0ADDC6A4E06}.Release|Any CPU.Build.0 = Release|Any CPU
		{8BB7BD3C-73BD-407A-B00C-51453C4E28F1}.Debug|Any CPU.ActiveCfg = Debug|Any CPU
		{8BB7BD3C-73BD-407A-B00C-51453C4E28F1}.Debug|Any CPU.Build.0 = Debug|Any CPU
		{8BB7BD3C-73BD-407A-B00C-51453C4E28F1}.Release|Any CPU.ActiveCfg = Release|Any CPU
		{8BB7BD3C-73BD-407A-B00C-51453C4E28F1}.Release|Any CPU.Build.0 = Release|Any CPU
		{A8BE90AD-0ADC-4B9C-917E-979C4955EF21}.Debug|Any CPU.ActiveCfg = Debug|Any CPU
		{A8BE90AD-0ADC-4B9C-917E-979C4955EF21}.Debug|Any CPU.Build.0 = Debug|Any CPU
		{A8BE90AD-0ADC-4B9C-917E-979C4955EF21}.Release|Any CPU.ActiveCfg = Release|Any CPU
		{A8BE90AD-0ADC-4B9C-917E-979C4955EF21}.Release|Any CPU.Build.0 = Release|Any CPU
	EndGlobalSection
	GlobalSection(SolutionProperties) = preSolution
		HideSolutionNode = FALSE
	EndGlobalSection
EndGlobal
